
Microsoft Visual Studio Solution File, Format Version 12.00
# Visual Studio Version 16
VisualStudioVersion = 16.0.30804.86
MinimumVisualStudioVersion = 10.0.40219.1
Project("{FAE04EC0-301F-11D3-BF4B-00C04F79EFBC}") = "FileUploadDemo", "FileUploadDemo\FileUploadDemo.csproj", "{4B708E4C-1795-4250-9850-72B9AE3AD5B8}"
EndProject
Global
	GlobalSection(SolutionConfigurationPlatforms) = preSolution
		Debug|Any CPU = Debug|Any CPU
		Release|Any CPU = Release|Any CPU
	EndGlobalSection
	GlobalSection(ProjectConfigurationPlatforms) = postSolution
		{4B708E4C-1795-4250-9850-72B9AE3AD5B8}.Debug|Any CPU.ActiveCfg = Debug|Any CPU
		{4B708E4C-1795-4250-9850-72B9AE3AD5B8}.Debug|Any CPU.Build.0 = Debug|Any CPU
		{4B708E4C-1795-4250-9850-72B9AE3AD5B8}.Release|Any CPU.ActiveCfg = Release|Any CPU
		{4B708E4C-1795-4250-9850-72B9AE3AD5B8}.Release|Any CPU.Build.0 = Release|Any CPU
	EndGlobalSection
	GlobalSection(SolutionProperties) = preSolution
		HideSolutionNode = FALSE
	EndGlobalSection
	GlobalSection(ExtensibilityGlobals) = postSolution
		SolutionGuid = {8642D5D1-9142-46ED-BA35-5EBDDF1FE9B7}
	EndGlobalSection
EndGlobal
